
Microsoft Visual Studio Solution File, Format Version 12.00
# Visual Studio Version 17
VisualStudioVersion = 17.14.36221.1
MinimumVisualStudioVersion = 10.0.40219.1
Project("{FAE04EC0-301F-11D3-BF4B-00C04F79EFBC}") = "basics", "basics\basics.csproj", "{0F1BCBA9-DDD4-44C8-9199-B617E815BA7C}"
EndProject
Project("{FAE04EC0-301F-11D3-BF4B-00C04F79EFBC}") = "database", "database\database.csproj", "{33C0FDE7-1A5A-40AE-88B7-1949BF176B8B}"
EndProject
Global
	GlobalSection(SolutionConfigurationPlatforms) = preSolution
		Debug|Any CPU = Debug|Any CPU
		Release|Any CPU = Release|Any CPU
	EndGlobalSection
	GlobalSection(ProjectConfigurationPlatforms) = postSolution
		{0F1BCBA9-DDD4-44C8-9199-B617E815BA7C}.Debug|Any CPU.ActiveCfg = Debug|Any CPU
		{0F1BCBA9-DDD4-44C8-9199-B617E815BA7C}.Debug|Any CPU.Build.0 = Debug|Any CPU
		{0F1BCBA9-DDD4-44C8-9199-B617E815BA7C}.Release|Any CPU.ActiveCfg = Release|Any CPU
		{0F1BCBA9-DDD4-44C8-9199-B617E815BA7C}.Release|Any CPU.Build.0 = Release|Any CPU
		{33C0FDE7-1A5A-40AE-88B7-1949BF176B8B}.Debug|Any CPU.ActiveCfg = Debug|Any CPU
		{33C0FDE7-1A5A-40AE-88B7-1949BF176B8B}.Debug|Any CPU.Build.0 = Debug|Any CPU
		{33C0FDE7-1A5A-40AE-88B7-1949BF176B8B}.Release|Any CPU.ActiveCfg = Release|Any CPU
		{33C0FDE7-1A5A-40AE-88B7-1949BF176B8B}.Release|Any CPU.Build.0 = Release|Any CPU
	EndGlobalSection
	GlobalSection(SolutionProperties) = preSolution
		HideSolutionNode = FALSE
	EndGlobalSection
	GlobalSection(ExtensibilityGlobals) = postSolution
		SolutionGuid = {63C6E4F4-C456-43D4-B081-B7DBD603D628}
	EndGlobalSection
EndGlobal
